Microsoft Visual Studio Solution File, Format Version 11.00
# Visual Studio 2008

Project("{2D8251F3-A37E-04CD-7730-35003CF01E32}") = "KudanDemo", "Assembly-CSharp.csproj", "{3B0201BC-FFD3-8D1C-5620-1D6B9C1B1B21}"
EndProject
Project("{2D8251F3-A37E-04CD-7730-35003CF01E32}") = "KudanDemo", "Assembly-CSharp-Editor.csproj", "{EE80FD3A-6D21-7B4B-AEBE-C3B809ADF58C}"
EndProject
Global
	GlobalSection(SolutionConfigurationPlatforms) = preSolution
		Debug|Any CPU = Debug|Any CPU
		Release|Any CPU = Release|Any CPU
	EndGlobalSection
	GlobalSection(ProjectConfigurationPlatforms) = postSolution
		{3B0201BC-FFD3-8D1C-5620-1D6B9C1B1B21}.Debug|Any CPU.ActiveCfg = Debug|Any CPU
		{3B0201BC-FFD3-8D1C-5620-1D6B9C1B1B21}.Debug|Any CPU.Build.0 = Debug|Any CPU
		{3B0201BC-FFD3-8D1C-5620-1D6B9C1B1B21}.Release|Any CPU.ActiveCfg = Release|Any CPU
		{3B0201BC-FFD3-8D1C-5620-1D6B9C1B1B21}.Release|Any CPU.Build.0 = Release|Any CPU
		{EE80FD3A-6D21-7B4B-AEBE-C3B809ADF58C}.Debug|Any CPU.ActiveCfg = Debug|Any CPU
		{EE80FD3A-6D21-7B4B-AEBE-C3B809ADF58C}.Debug|Any CPU.Build.0 = Debug|Any CPU
		{EE80FD3A-6D21-7B4B-AEBE-C3B809ADF58C}.Release|Any CPU.ActiveCfg = Release|Any CPU
		{EE80FD3A-6D21-7B4B-AEBE-C3B809ADF58C}.Release|Any CPU.Build.0 = Release|Any CPU
	EndGlobalSection
	GlobalSection(SolutionProperties) = preSolution
		HideSolutionNode = FALSE
	EndGlobalSection
	GlobalSection(MonoDevelopProperties) = preSolution
		StartupItem = Assembly-CSharp.csproj
	EndGlobalSection
EndGlobal
